PODS:
  - iOSSnapshotTestCase (6.0.3):
    - iOSSnapshotTestCase/SwiftSupport (= 6.0.3)
  - iOSSnapshotTestCase/Core (6.0.3)
  - iOSSnapshotTestCase/SwiftSupport (6.0.3):
    - iOSSnapshotTestCase/Core
  - SDWebImage (5.0.6):
    - SDWebImage/Core (= 5.0.6)
  - SDWebImage/Core (5.0.6)
  - SnapshotTesting (1.5.0)

DEPENDENCIES:
  - iOSSnapshotTestCase
  - SDWebImage
  - SnapshotTesting (~> 1.5)

SPEC REPOS:
  https://github.com/cocoapods/specs.git:
    - iOSSnapshotTestCase
    - SDWebImage
    - SnapshotTesting

SPEC CHECKSUMS:
  iOSSnapshotTestCase: 944a73f6d9676302811a86c0cf35f0e6ef5ab2a0
  SDWebImage: 920f1a2ff1ca8296ad34f6e0510a1ef1d70ac965
  SnapshotTesting: 9ca1d80f6322509a035856170c11d0571b1f7171

PODFILE CHECKSUM: dea372a551a0a4db772009cccfd15cab4d3fea89

COCOAPODS: 1.7.1
